
Microsoft Visual Studio Solution File, Format Version 12.00
# Visual Studio 14
VisualStudioVersion = 14.0.25123.0
MinimumVisualStudioVersion = 10.0.40219.1
Project("{FAE04EC0-301F-11D3-BF4B-00C04F79EFBC}") = "ProductManagerRest", "ProductManagerRest\ProductManagerRest.csproj", "{CAF2130D-9614-4783-B9CB-925C34472087}"
EndProject
Global
	GlobalSection(SolutionConfigurationPlatforms) = preSolution
		Debug|Any CPU = Debug|Any CPU
		Release|Any CPU = Release|Any CPU
	EndGlobalSection
	GlobalSection(ProjectConfigurationPlatforms) = postSolution
		{CAF2130D-9614-4783-B9CB-925C34472087}.Debug|Any CPU.ActiveCfg = Debug|Any CPU
		{CAF2130D-9614-4783-B9CB-925C34472087}.Debug|Any CPU.Build.0 = Debug|Any CPU
		{CAF2130D-9614-4783-B9CB-925C34472087}.Release|Any CPU.ActiveCfg = Release|Any CPU
		{CAF2130D-9614-4783-B9CB-925C34472087}.Release|Any CPU.Build.0 = Release|Any CPU
	EndGlobalSection
	GlobalSection(SolutionProperties) = preSolution
		HideSolutionNode = FALSE
	EndGlobalSection
EndGlobal
